
Microsoft Visual Studio Solution File, Format Version 12.00
# Visual Studio Version 16
VisualStudioVersion = 16.0.32106.194
MinimumVisualStudioVersion = 10.0.40219.1
Project("{FAE04EC0-301F-11D3-BF4B-00C04F79EFBC}") = "1.1.1", "1.1.1\1.1.1.csproj", "{2B04F188-EA13-4E0B-9084-5BEB8B38CC66}"
EndProject
Global
	GlobalSection(SolutionConfigurationPlatforms) = preSolution
		Debug|Any CPU = Debug|Any CPU
		Release|Any CPU = Release|Any CPU
	EndGlobalSection
	GlobalSection(ProjectConfigurationPlatforms) = postSolution
		{2B04F188-EA13-4E0B-9084-5BEB8B38CC66}.Debug|Any CPU.ActiveCfg = Debug|Any CPU
		{2B04F188-EA13-4E0B-9084-5BEB8B38CC66}.Debug|Any CPU.Build.0 = Debug|Any CPU
		{2B04F188-EA13-4E0B-9084-5BEB8B38CC66}.Release|Any CPU.ActiveCfg = Release|Any CPU
		{2B04F188-EA13-4E0B-9084-5BEB8B38CC66}.Release|Any CPU.Build.0 = Release|Any CPU
	EndGlobalSection
	GlobalSection(SolutionProperties) = preSolution
		HideSolutionNode = FALSE
	EndGlobalSection
	GlobalSection(ExtensibilityGlobals) = postSolution
		SolutionGuid = {903BC1D4-EC2A-46D0-8D14-B0960F7113C8}
	EndGlobalSection
EndGlobal
